
Microsoft Visual Studio Solution File, Format Version 12.00
# Visual Studio Version 17
VisualStudioVersion = 17.6.33712.159
MinimumVisualStudioVersion = 10.0.40219.1
Project("{FAE04EC0-301F-11D3-BF4B-00C04F79EFBC}") = "Capture.Vision.Maui.Example", "Capture.Vision.Maui.Example\Capture.Vision.Maui.Example.csproj", "{9E2C001F-B767-4478-939C-288C8E8DD5F2}"
EndProject
Project("{FAE04EC0-301F-11D3-BF4B-00C04F79EFBC}") = "Capture.Vision.Maui", "Capture.Vision.Maui\Capture.Vision.Maui.csproj", "{DFDA62F0-D62C-4E3C-BF8E-CCE47E16CA0D}"
EndProject
Global
	GlobalSection(SolutionConfigurationPlatforms) = preSolution
		Debug|Any CPU = Debug|Any CPU
		Release|Any CPU = Release|Any CPU
	EndGlobalSection
	GlobalSection(ProjectConfigurationPlatforms) = postSolution
		{9E2C001F-B767-4478-939C-288C8E8DD5F2}.Debug|Any CPU.ActiveCfg = Debug|Any CPU
		{9E2C001F-B767-4478-939C-288C8E8DD5F2}.Debug|Any CPU.Build.0 = Debug|Any CPU
		{9E2C001F-B767-4478-939C-288C8E8DD5F2}.Debug|Any CPU.Deploy.0 = Debug|Any CPU
		{9E2C001F-B767-4478-939C-288C8E8DD5F2}.Release|Any CPU.ActiveCfg = Release|Any CPU
		{9E2C001F-B767-4478-939C-288C8E8DD5F2}.Release|Any CPU.Build.0 = Release|Any CPU
		{9E2C001F-B767-4478-939C-288C8E8DD5F2}.Release|Any CPU.Deploy.0 = Release|Any CPU
		{DFDA62F0-D62C-4E3C-BF8E-CCE47E16CA0D}.Debug|Any CPU.ActiveCfg = Debug|Any CPU
		{DFDA62F0-D62C-4E3C-BF8E-CCE47E16CA0D}.Debug|Any CPU.Build.0 = Debug|Any CPU
		{DFDA62F0-D62C-4E3C-BF8E-CCE47E16CA0D}.Release|Any CPU.ActiveCfg = Release|Any CPU
		{DFDA62F0-D62C-4E3C-BF8E-CCE47E16CA0D}.Release|Any CPU.Build.0 = Release|Any CPU
	EndGlobalSection
	GlobalSection(SolutionProperties) = preSolution
		HideSolutionNode = FALSE
	EndGlobalSection
	GlobalSection(ExtensibilityGlobals) = postSolution
		SolutionGuid = {F7911126-1DCB-4F0F-960D-23DA4BE55438}
	EndGlobalSection
EndGlobal
